
Microsoft Visual Studio Solution File, Format Version 12.00
# Visual Studio Version 17
VisualStudioVersion = 17.10.35004.147
MinimumVisualStudioVersion = 10.0.40219.1
Project("{9A19103F-16F7-4668-BE54-9A1E7A4F7556}") = "GladiatorHub", "LovePvP\GladiatorHub.csproj", "{70FD814A-76B6-495C-8E6F-D6EA12EC4159}"
EndProject
Global
	GlobalSection(SolutionConfigurationPlatforms) = preSolution
		Debug|Any CPU = Debug|Any CPU
		Release|Any CPU = Release|Any CPU
	EndGlobalSection
	GlobalSection(ProjectConfigurationPlatforms) = postSolution
		{70FD814A-76B6-495C-8E6F-D6EA12EC4159}.Debug|Any CPU.ActiveCfg = Debug|Any CPU
		{70FD814A-76B6-495C-8E6F-D6EA12EC4159}.Debug|Any CPU.Build.0 = Debug|Any CPU
		{70FD814A-76B6-495C-8E6F-D6EA12EC4159}.Release|Any CPU.ActiveCfg = Release|Any CPU
		{70FD814A-76B6-495C-8E6F-D6EA12EC4159}.Release|Any CPU.Build.0 = Release|Any CPU
	EndGlobalSection
	GlobalSection(SolutionProperties) = preSolution
		HideSolutionNode = FALSE
	EndGlobalSection
	GlobalSection(ExtensibilityGlobals) = postSolution
		SolutionGuid = {2BBB7342-9259-45BE-8BB1-FEF69F3DFBA1}
	EndGlobalSection
EndGlobal
